
Microsoft Visual Studio Solution File, Format Version 12.00
# Visual Studio Version 17
VisualStudioVersion = 17.4.33213.308
MinimumVisualStudioVersion = 10.0.40219.1
Project("{8BC9CEB8-8B4A-11D0-8D11-00A0C91BC942}") = "FindShortestPath", "FindShortestPath\FindShortestPath.vcxproj", "{2225C740-D45A-41B6-B27F-7679068A5EED}"
EndProject
Project("{8BC9CEB8-8B4A-11D0-8D11-00A0C91BC942}") = "Test_findShortestPath", "Test_findShortestPath\Test_findShortestPath.vcxproj", "{565DF331-E6D1-4B38-99D9-06303F64AFFB}"
EndProject
Global
	GlobalSection(SolutionConfigurationPlatforms) = preSolution
		Debug|x64 = Debug|x64
		Debug|x86 = Debug|x86
		Release|x64 = Release|x64
		Release|x86 = Release|x86
	EndGlobalSection
	GlobalSection(ProjectConfigurationPlatforms) = postSolution
		{2225C740-D45A-41B6-B27F-7679068A5EED}.Debug|x64.ActiveCfg = Debug|x64
		{2225C740-D45A-41B6-B27F-7679068A5EED}.Debug|x64.Build.0 = Debug|x64
		{2225C740-D45A-41B6-B27F-7679068A5EED}.Debug|x86.ActiveCfg = Debug|Win32
		{2225C740-D45A-41B6-B27F-7679068A5EED}.Debug|x86.Build.0 = Debug|Win32
		{2225C740-D45A-41B6-B27F-7679068A5EED}.Release|x64.ActiveCfg = Release|x64
		{2225C740-D45A-41B6-B27F-7679068A5EED}.Release|x64.Build.0 = Release|x64
		{2225C740-D45A-41B6-B27F-7679068A5EED}.Release|x86.ActiveCfg = Release|Win32
		{2225C740-D45A-41B6-B27F-7679068A5EED}.Release|x86.Build.0 = Release|Win32
		{565DF331-E6D1-4B38-99D9-06303F64AFFB}.Debug|x64.ActiveCfg = Debug|x64
		{565DF331-E6D1-4B38-99D9-06303F64AFFB}.Debug|x64.Build.0 = Debug|x64
		{565DF331-E6D1-4B38-99D9-06303F64AFFB}.Debug|x86.ActiveCfg = Debug|Win32
		{565DF331-E6D1-4B38-99D9-06303F64AFFB}.Debug|x86.Build.0 = Debug|Win32
		{565DF331-E6D1-4B38-99D9-06303F64AFFB}.Release|x64.ActiveCfg = Release|x64
		{565DF331-E6D1-4B38-99D9-06303F64AFFB}.Release|x64.Build.0 = Release|x64
		{565DF331-E6D1-4B38-99D9-06303F64AFFB}.Release|x86.ActiveCfg = Release|Win32
		{565DF331-E6D1-4B38-99D9-06303F64AFFB}.Release|x86.Build.0 = Release|Win32
	EndGlobalSection
	GlobalSection(SolutionProperties) = preSolution
		HideSolutionNode = FALSE
	EndGlobalSection
	GlobalSection(ExtensibilityGlobals) = postSolution
		SolutionGuid = {3DC3C0D3-20B1-4AFE-A09B-003B06F36BB1}
	EndGlobalSection
EndGlobal
